
Microsoft Visual Studio Solution File, Format Version 12.00
# Visual Studio Version 17
VisualStudioVersion = 17.0.32002.185
MinimumVisualStudioVersion = 10.0.40219.1
Project("{9A19103F-16F7-4668-BE54-9A1E7A4F7556}") = "ConsoleApp", "ConsoleApp\ConsoleApp.csproj", "{12023D3D-0BD7-4FA5-8A27-1DFE72A3827F}"
EndProject
Project("{9A19103F-16F7-4668-BE54-9A1E7A4F7556}") = "AirSim", "AirSim\AirSim.csproj", "{8C529AD1-9209-4351-A87D-C5536B0FA002}"
EndProject
Project("{9A19103F-16F7-4668-BE54-9A1E7A4F7556}") = "WpfApp", "WpfApp\WpfApp.csproj", "{5E0EDD79-4770-46DA-95A2-CB5401E26210}"
EndProject
Project("{9A19103F-16F7-4668-BE54-9A1E7A4F7556}") = "VePack", "..\VePack\VePack\VePack.csproj", "{AB0D761D-81FF-4C94-AF70-B7809DC62D2B}"
EndProject
Project("{9A19103F-16F7-4668-BE54-9A1E7A4F7556}") = "GrpcClient", "GrpcClient\GrpcClient.csproj", "{89617D05-E3E2-418C-8743-47CD43ABCCFE}"
EndProject
Project("{9A19103F-16F7-4668-BE54-9A1E7A4F7556}") = "Mpc", "..\ControlSimulator\Mpc\Mpc.csproj", "{D4ACE274-AA17-4FDE-893C-7105C8882873}"
EndProject
Global
	GlobalSection(SolutionConfigurationPlatforms) = preSolution
		Debug|Any CPU = Debug|Any CPU
		Release|Any CPU = Release|Any CPU
	EndGlobalSection
	GlobalSection(ProjectConfigurationPlatforms) = postSolution
		{12023D3D-0BD7-4FA5-8A27-1DFE72A3827F}.Debug|Any CPU.ActiveCfg = Debug|Any CPU
		{12023D3D-0BD7-4FA5-8A27-1DFE72A3827F}.Debug|Any CPU.Build.0 = Debug|Any CPU
		{12023D3D-0BD7-4FA5-8A27-1DFE72A3827F}.Release|Any CPU.ActiveCfg = Release|Any CPU
		{12023D3D-0BD7-4FA5-8A27-1DFE72A3827F}.Release|Any CPU.Build.0 = Release|Any CPU
		{8C529AD1-9209-4351-A87D-C5536B0FA002}.Debug|Any CPU.ActiveCfg = Debug|Any CPU
		{8C529AD1-9209-4351-A87D-C5536B0FA002}.Debug|Any CPU.Build.0 = Debug|Any CPU
		{8C529AD1-9209-4351-A87D-C5536B0FA002}.Release|Any CPU.ActiveCfg = Release|Any CPU
		{8C529AD1-9209-4351-A87D-C5536B0FA002}.Release|Any CPU.Build.0 = Release|Any CPU
		{5E0EDD79-4770-46DA-95A2-CB5401E26210}.Debug|Any CPU.ActiveCfg = Debug|Any CPU
		{5E0EDD79-4770-46DA-95A2-CB5401E26210}.Debug|Any CPU.Build.0 = Debug|Any CPU
		{5E0EDD79-4770-46DA-95A2-CB5401E26210}.Release|Any CPU.ActiveCfg = Release|Any CPU
		{5E0EDD79-4770-46DA-95A2-CB5401E26210}.Release|Any CPU.Build.0 = Release|Any CPU
		{AB0D761D-81FF-4C94-AF70-B7809DC62D2B}.Debug|Any CPU.ActiveCfg = Debug|Any CPU
		{AB0D761D-81FF-4C94-AF70-B7809DC62D2B}.Debug|Any CPU.Build.0 = Debug|Any CPU
		{AB0D761D-81FF-4C94-AF70-B7809DC62D2B}.Release|Any CPU.ActiveCfg = Release|Any CPU
		{AB0D761D-81FF-4C94-AF70-B7809DC62D2B}.Release|Any CPU.Build.0 = Release|Any CPU
		{89617D05-E3E2-418C-8743-47CD43ABCCFE}.Debug|Any CPU.ActiveCfg = Debug|Any CPU
		{89617D05-E3E2-418C-8743-47CD43ABCCFE}.Debug|Any CPU.Build.0 = Debug|Any CPU
		{89617D05-E3E2-418C-8743-47CD43ABCCFE}.Release|Any CPU.ActiveCfg = Release|Any CPU
		{89617D05-E3E2-418C-8743-47CD43ABCCFE}.Release|Any CPU.Build.0 = Release|Any CPU
		{D4ACE274-AA17-4FDE-893C-7105C8882873}.Debug|Any CPU.ActiveCfg = Debug|Any CPU
		{D4ACE274-AA17-4FDE-893C-7105C8882873}.Debug|Any CPU.Build.0 = Debug|Any CPU
		{D4ACE274-AA17-4FDE-893C-7105C8882873}.Release|Any CPU.ActiveCfg = Release|Any CPU
		{D4ACE274-AA17-4FDE-893C-7105C8882873}.Release|Any CPU.Build.0 = Release|Any CPU
	EndGlobalSection
	GlobalSection(SolutionProperties) = preSolution
		HideSolutionNode = FALSE
	EndGlobalSection
	GlobalSection(ExtensibilityGlobals) = postSolution
		SolutionGuid = {D93BDBC5-817D-45C9-91FC-4AC5D9D2EC2E}
	EndGlobalSection
EndGlobal
